// !$*UTF8*$!
{
	archiveVersion = 1;
	classes = {
	};
	objectVersion = 50;
	objects = {

/* Begin PBXBuildFile section */
		422C476521426C4700FCFA39 /* AppDelegate.swift in Sources */ = {isa = PBXBuildFile; fileRef = 422C476421426C4700FCFA39 /* AppDelegate.swift */; };
		422C476721426C4700FCFA39 /* ViewController.swift in Sources */ = {isa = PBXBuildFile; fileRef = 422C476621426C4700FCFA39 /* ViewController.swift */; };
		422C476A21426C4700FCFA39 /* Main.storyboard in Resources */ = {isa = PBXBuildFile; fileRef = 422C476821426C4700FCFA39 /* Main.storyboard */; };
		422C476D21426C4700FCFA39 /* TechReviewCoreData.xcdatamodeld in Sources */ = {isa = PBXBuildFile; fileRef = 422C476B21426C4700FCFA39 /* TechReviewCoreData.xcdatamodeld */; };
		422C476F21426C4800FCFA39 /* Assets.xcassets in Resources */ = {isa = PBXBuildFile; fileRef = 422C476E21426C4800FCFA39 /* Assets.xcassets */; };
		422C477221426C4800FCFA39 /* LaunchScreen.storyboard in Resources */ = {isa = PBXBuildFile; fileRef = 422C477021426C4800FCFA39 /* LaunchScreen.storyboard */; };
		422C477D21426F2D00FCFA39 /* TechReviewCoreData.xcdatamodeld in Sources */ = {isa = PBXBuildFile; fileRef = 422C477B21426F2D00FCFA39 /* TechReviewCoreData.xcdatamodeld */; };
		422C478021427BB600FCFA39 /* Person+CoreDataClass.swift in Sources */ = {isa = PBXBuildFile; fileRef = 422C477E21427BB600FCFA39 /* Person+CoreDataClass.swift */; };
		422C478121427BB600FCFA39 /* Person+CoreDataProperties.swift in Sources */ = {isa = PBXBuildFile; fileRef = 422C477F21427BB600FCFA39 /* Person+CoreDataProperties.swift */; };
		A35FFF4CA17CE3D39294BE45 /* libPods-TechReviewCoreData.a in Frameworks */ = {isa = PBXBuildFile; fileRef = 5CC40778435D46F907429DE3 /* libPods-TechReviewCoreData.a */; };
/* End PBXBuildFile section */

/* Begin PBXFileReference section */
		422C476121426C4700FCFA39 /* TechReviewCoreData.app */ = {isa = PBXFileReference; explicitFileType = wrapper.application; includeInIndex = 0; path = TechReviewCoreData.app; sourceTree = BUILT_PRODUCTS_DIR; };
		422C476421426C4700FCFA39 /* AppDelegate.swift */ = {isa = PBXFileReference; lastKnownFileType = sourcecode.swift; path = AppDelegate.swift; sourceTree = "<group>"; };
		422C476621426C4700FCFA39 /* ViewController.swift */ = {isa = PBXFileReference; lastKnownFileType = sourcecode.swift; path = ViewController.swift; sourceTree = "<group>"; };
		422C476921426C4700FCFA39 /* Base */ = {isa = PBXFileReference; lastKnownFileType = file.storyboard; name = Base; path = Base.lproj/Main.storyboard; sourceTree = "<group>"; };
		422C476C21426C4700FCFA39 /* TechReviewCoreData.xcdatamodel */ = {isa = PBXFileReference; lastKnownFileType = wrapper.xcdatamodel; path = TechReviewCoreData.xcdatamodel; sourceTree = "<group>"; };
		422C476E21426C4800FCFA39 /* Assets.xcassets */ = {isa = PBXFileReference; lastKnownFileType = folder.assetcatalog; path = Assets.xcassets; sourceTree = "<group>"; };
		422C477121426C4800FCFA39 /* Base */ = {isa = PBXFileReference; lastKnownFileType = file.storyboard; name = Base; path = Base.lproj/LaunchScreen.storyboard; sourceTree = "<group>"; };
		422C477321426C4800FCFA39 /* Info.plist */ = {isa = PBXFileReference; lastKnownFileType = text.plist.xml; path = Info.plist; sourceTree = "<group>"; };
		422C477C21426F2D00FCFA39 /* TechReviewCoreData.xcdatamodel */ = {isa = PBXFileReference; lastKnownFileType = wrapper.xcdatamodel; path = TechReviewCoreData.xcdatamodel; sourceTree = "<group>"; };
		422C477E21427BB600FCFA39 /* Person+CoreDataClass.swift */ = {isa = PBXFileReference; fileEncoding = 4; lastKnownFileType = sourcecode.swift; path = "Person+CoreDataClass.swift"; sourceTree = "<group>"; };
		422C477F21427BB600FCFA39 /* Person+CoreDataProperties.swift */ = {isa = PBXFileReference; fileEncoding = 4; lastKnownFileType = sourcecode.swift; path = "Person+CoreDataProperties.swift"; sourceTree = "<group>"; };
		5CC40778435D46F907429DE3 /* libPods-TechReviewCoreData.a */ = {isa = PBXFileReference; explicitFileType = archive.ar; includeInIndex = 0; path = "libPods-TechReviewCoreData.a"; sourceTree = BUILT_PRODUCTS_DIR; };
		A9CA423601356ED53AE20D87 /* Pods-TechReviewCoreData.debug.xcconfig */ = {isa = PBXFileReference; includeInIndex = 1; lastKnownFileType = text.xcconfig; name = "Pods-TechReviewCoreData.debug.xcconfig"; path = "Pods/Target Support Files/Pods-TechReviewCoreData/Pods-TechReviewCoreData.debug.xcconfig"; sourceTree = "<group>"; };
		F0CE0FC838098CD938CBEB42 /* Pods-TechReviewCoreData.release.xcconfig */ = {isa = PBXFileReference; includeInIndex = 1; lastKnownFileType = text.xcconfig; name = "Pods-TechReviewCoreData.release.xcconfig"; path = "Pods/Target Support Files/Pods-TechReviewCoreData/Pods-TechReviewCoreData.release.xcconfig"; sourceTree = "<group>"; };
/* End PBXFileReference section */

/* Begin PBXFrameworksBuildPhase section */
		422C475E21426C4700FCFA39 /* Frameworks */ = {
			isa = PBXFrameworksBuildPhase;
			buildActionMask = 2147483647;
			files = (
				A35FFF4CA17CE3D39294BE45 /* libPods-TechReviewCoreData.a in Frameworks */,
			);
			runOnlyForDeploymentPostprocessing = 0;
		};
/* End PBXFrameworksBuildPhase section */

/* Begin PBXGroup section */
		24EB2C29E728EC9B850EA3A7 /* Frameworks */ = {
			isa = PBXGroup;
			children = (
				5CC40778435D46F907429DE3 /* libPods-TechReviewCoreData.a */,
			);
			name = Frameworks;
			sourceTree = "<group>";
		};
		422C475821426C4700FCFA39 = {
			isa = PBXGroup;
			children = (
				422C476321426C4700FCFA39 /* TechReviewCoreData */,
				422C476221426C4700FCFA39 /* Products */,
				C1D5337D70B12FE7B311EB8E /* Pods */,
				24EB2C29E728EC9B850EA3A7 /* Frameworks */,
			);
			sourceTree = "<group>";
		};
		422C476221426C4700FCFA39 /* Products */ = {
			isa = PBXGroup;
			children = (
				422C476121426C4700FCFA39 /* TechReviewCoreData.app */,
			);
			name = Products;
			sourceTree = "<group>";
		};
		422C476321426C4700FCFA39 /* TechReviewCoreData */ = {
			isa = PBXGroup;
			children = (
				422C477A21426E4300FCFA39 /* FMDB */,
				422C477921426E1B00FCFA39 /* CoereData */,
				422C476421426C4700FCFA39 /* AppDelegate.swift */,
				422C476621426C4700FCFA39 /* ViewController.swift */,
				422C476821426C4700FCFA39 /* Main.storyboard */,
				422C476E21426C4800FCFA39 /* Assets.xcassets */,
				422C477021426C4800FCFA39 /* LaunchScreen.storyboard */,
				422C477321426C4800FCFA39 /* Info.plist */,
				422C476B21426C4700FCFA39 /* TechReviewCoreData.xcdatamodeld */,
			);
			path = TechReviewCoreData;
			sourceTree = "<group>";
		};
		422C477921426E1B00FCFA39 /* CoereData */ = {
			isa = PBXGroup;
			children = (
				422C477E21427BB600FCFA39 /* Person+CoreDataClass.swift */,
				422C477F21427BB600FCFA39 /* Person+CoreDataProperties.swift */,
				422C477B21426F2D00FCFA39 /* TechReviewCoreData.xcdatamodeld */,
			);
			path = CoereData;
			sourceTree = "<group>";
		};
		422C477A21426E4300FCFA39 /* FMDB */ = {
			isa = PBXGroup;
			children = (
			);
			path = FMDB;
			sourceTree = "<group>";
		};
		C1D5337D70B12FE7B311EB8E /* Pods */ = {
			isa = PBXGroup;
			children = (
				A9CA423601356ED53AE20D87 /* Pods-TechReviewCoreData.debug.xcconfig */,
				F0CE0FC838098CD938CBEB42 /* Pods-TechReviewCoreData.release.xcconfig */,
			);
			name = Pods;
			sourceTree = "<group>";
		};
/* End PBXGroup section */

/* Begin PBXNativeTarget section */
		422C476021426C4700FCFA39 /* TechReviewCoreData */ = {
			isa = PBXNativeTarget;
			buildConfigurationList = 422C477621426C4800FCFA39 /* Build configuration list for PBXNativeTarget "TechReviewCoreData" */;
			buildPhases = (
				BB921BA039109A64B0FA2844 /* [CP] Check Pods Manifest.lock */,
				422C475D21426C4700FCFA39 /* Sources */,
				422C475E21426C4700FCFA39 /* Frameworks */,
				422C475F21426C4700FCFA39 /* Resources */,
			);
			buildRules = (
			);
			dependencies = (
			);
			name = TechReviewCoreData;
			productName = TechReviewCoreData;
			productReference = 422C476121426C4700FCFA39 /* TechReviewCoreData.app */;
			productType = "com.apple.product-type.application";
		};
/* End PBXNativeTarget section */

/* Begin PBXProject section */
		422C475921426C4700FCFA39 /* Project object */ = {
			isa = PBXProject;
			attributes = {
				LastSwiftUpdateCheck = 0940;
				LastUpgradeCheck = 0940;
				ORGANIZATIONNAME = jhunter;
				TargetAttributes = {
					422C476021426C4700FCFA39 = {
						CreatedOnToolsVersion = 9.4.1;
					};
				};
			};
			buildConfigurationList = 422C475C21426C4700FCFA39 /* Build configuration list for PBXProject "TechReviewCoreData" */;
			compatibilityVersion = "Xcode 9.3";
			developmentRegion = en;
			hasScannedForEncodings = 0;
			knownRegions = (
				en,
				Base,
			);
			mainGroup = 422C475821426C4700FCFA39;
			productRefGroup = 422C476221426C4700FCFA39 /* Products */;
			projectDirPath = "";
			projectRoot = "";
			targets = (
				422C476021426C4700FCFA39 /* TechReviewCoreData */,
			);
		};
/* End PBXProject section */

/* Begin PBXResourcesBuildPhase section */
		422C475F21426C4700FCFA39 /* Resources */ = {
			isa = PBXResourcesBuildPhase;
			buildActionMask = 2147483647;
			files = (
				422C477221426C4800FCFA39 /* LaunchScreen.storyboard in Resources */,
				422C476F21426C4800FCFA39 /* Assets.xcassets in Resources */,
				422C476A21426C4700FCFA39 /* Main.storyboard in Resources */,
			);
			runOnlyForDeploymentPostprocessing = 0;
		};
/* End PBXResourcesBuildPhase section */

/* Begin PBXShellScriptBuildPhase section */
		BB921BA039109A64B0FA2844 /* [CP] Check Pods Manifest.lock */ = {
			isa = PBXShellScriptBuildPhase;
			buildActionMask = 2147483647;
			files = (
			);
			inputPaths = (
				"${PODS_PODFILE_DIR_PATH}/Podfile.lock",
				"${PODS_ROOT}/Manifest.lock",
			);
			name = "[CP] Check Pods Manifest.lock";
			outputPaths = (
				"$(DERIVED_FILE_DIR)/Pods-TechReviewCoreData-checkManifestLockResult.txt",
			);
			runOnlyForDeploymentPostprocessing = 0;
			shellPath = /bin/sh;
			shellScript = "diff \"${PODS_PODFILE_DIR_PATH}/Podfile.lock\" \"${PODS_ROOT}/Manifest.lock\" > /dev/null\nif [ $? != 0 ] ; then\n    # print error to STDERR\n    echo \"error: The sandbox is not in sync with the Podfile.lock. Run 'pod install' or update your CocoaPods installation.\" >&2\n    exit 1\nfi\n# This output is used by Xcode 'outputs' to avoid re-running this script phase.\necho \"SUCCESS\" > \"${SCRIPT_OUTPUT_FILE_0}\"\n";
			showEnvVarsInLog = 0;
		};
/* End PBXShellScriptBuildPhase section */

/* Begin PBXSourcesBuildPhase section */
		422C475D21426C4700FCFA39 /* Sources */ = {
			isa = PBXSourcesBuildPhase;
			buildActionMask = 2147483647;
			files = (
				422C477D21426F2D00FCFA39 /* TechReviewCoreData.xcdatamodeld in Sources */,
				422C476721426C4700FCFA39 /* ViewController.swift in Sources */,
				422C478121427BB600FCFA39 /* Person+CoreDataProperties.swift in Sources */,
				422C478021427BB600FCFA39 /* Person+CoreDataClass.swift in Sources */,
				422C476521426C4700FCFA39 /* AppDelegate.swift in Sources */,
				422C476D21426C4700FCFA39 /* TechReviewCoreData.xcdatamodeld in Sources */,
			);
			runOnlyForDeploymentPostprocessing = 0;
		};
/* End PBXSourcesBuildPhase section */

/* Begin PBXVariantGroup section */
		422C476821426C4700FCFA39 /* Main.storyboard */ = {
			isa = PBXVariantGroup;
			children = (
				422C476921426C4700FCFA39 /* Base */,
			);
			name = Main.storyboard;
			sourceTree = "<group>";
		};
		422C477021426C4800FCFA39 /* LaunchScreen.storyboard */ = {
			isa = PBXVariantGroup;
			children = (
				422C477121426C4800FCFA39 /* Base */,
			);
			name = LaunchScreen.storyboard;
			sourceTree = "<group>";
		};
/* End PBXVariantGroup section */

/* Begin XCBuildConfiguration section */
		422C477421426C4800FCFA39 /* Debug */ = {
			isa = XCBuildConfiguration;
			buildSettings = {
				ALWAYS_SEARCH_USER_PATHS = NO;
				CLANG_ANALYZER_NONNULL = YES;
				CLANG_ANALYZER_NUMBER_OBJECT_CONVERSION = YES_AGGRESSIVE;
				CLANG_CXX_LANGUAGE_STANDARD = "gnu++14";
				CLANG_CXX_LIBRARY = "libc++";
				CLANG_ENABLE_MODULES = YES;
				CLANG_ENABLE_OBJC_ARC = YES;
				CLANG_ENABLE_OBJC_WEAK = YES;
				CLANG_WARN_BLOCK_CAPTURE_AUTORELEASING = YES;
				CLANG_WARN_BOOL_CONVERSION = YES;
				CLANG_WARN_COMMA = YES;
				CLANG_WARN_CONSTANT_CONVERSION = YES;
				CLANG_WARN_DEPRECATED_OBJC_IMPLEMENTATIONS = YES;
				CLANG_WARN_DIRECT_OBJC_ISA_USAGE = YES_ERROR;
				CLANG_WARN_DOCUMENTATION_COMMENTS = YES;
				CLANG_WARN_EMPTY_BODY = YES;
				CLANG_WARN_ENUM_CONVERSION = YES;
				CLANG_WARN_INFINITE_RECURSION = YES;
				CLANG_WARN_INT_CONVERSION = YES;
				CLANG_WARN_NON_LITERAL_NULL_CONVERSION = YES;
				CLANG_WARN_OBJC_IMPLICIT_RETAIN_SELF = YES;
				CLANG_WARN_OBJC_LITERAL_CONVERSION = YES;
				CLANG_WARN_OBJC_ROOT_CLASS = YES_ERROR;
				CLANG_WARN_RANGE_LOOP_ANALYSIS = YES;
				CLANG_WARN_STRICT_PROTOTYPES = YES;
				CLANG_WARN_SUSPICIOUS_MOVE = YES;
				CLANG_WARN_UNGUARDED_AVAILABILITY = YES_AGGRESSIVE;
				CLANG_WARN_UNREACHABLE_CODE = YES;
				CLANG_WARN__DUPLICATE_METHOD_MATCH = YES;
				CODE_SIGN_IDENTITY = "iPhone Developer";
				COPY_PHASE_STRIP = NO;
				DEBUG_INFORMATION_FORMAT = dwarf;
				ENABLE_STRICT_OBJC_MSGSEND = YES;
				ENABLE_TESTABILITY = YES;
				GCC_C_LANGUAGE_STANDARD = gnu11;
				GCC_DYNAMIC_NO_PIC = NO;
				GCC_NO_COMMON_BLOCKS = YES;
				GCC_OPTIMIZATION_LEVEL = 0;
				GCC_PREPROCESSOR_DEFINITIONS = (
					"DEBUG=1",
					"$(inherited)",
				);
				GCC_WARN_64_TO_32_BIT_CONVERSION = YES;
				GCC_WARN_ABOUT_RETURN_TYPE = YES_ERROR;
				GCC_WARN_UNDECLARED_SELECTOR = YES;
				GCC_WARN_UNINITIALIZED_AUTOS = YES_AGGRESSIVE;
				GCC_WARN_UNUSED_FUNCTION = YES;
				GCC_WARN_UNUSED_VARIABLE = YES;
				IPHONEOS_DEPLOYMENT_TARGET = 11.4;
				MTL_ENABLE_DEBUG_INFO = YES;
				ONLY_ACTIVE_ARCH = YES;
				SDKROOT = iphoneos;
				SWIFT_ACTIVE_COMPILATION_CONDITIONS = DEBUG;
				SWIFT_OPTIMIZATION_LEVEL = "-Onone";
			};
			name = Debug;
		};
		422C477521426C4800FCFA39 /* Release */ = {
			isa = XCBuildConfiguration;
			buildSettings = {
				ALWAYS_SEARCH_USER_PATHS = NO;
				CLANG_ANALYZER_NONNULL = YES;
				CLANG_ANALYZER_NUMBER_OBJECT_CONVERSION = YES_AGGRESSIVE;
				CLANG_CXX_LANGUAGE_STANDARD = "gnu++14";
				CLANG_CXX_LIBRARY = "libc++";
				CLANG_ENABLE_MODULES = YES;
				CLANG_ENABLE_OBJC_ARC = YES;
				CLANG_ENABLE_OBJC_WEAK = YES;
				CLANG_WARN_BLOCK_CAPTURE_AUTORELEASING = YES;
				CLANG_WARN_BOOL_CONVERSION = YES;
				CLANG_WARN_COMMA = YES;
				CLANG_WARN_CONSTANT_CONVERSION = YES;
				CLANG_WARN_DEPRECATED_OBJC_IMPLEMENTATIONS = YES;
				CLANG_WARN_DIRECT_OBJC_ISA_USAGE = YES_ERROR;
				CLANG_WARN_DOCUMENTATION_COMMENTS = YES;
				CLANG_WARN_EMPTY_BODY = YES;
				CLANG_WARN_ENUM_CONVERSION = YES;
				CLANG_WARN_INFINITE_RECURSION = YES;
				CLANG_WARN_INT_CONVERSION = YES;
				CLANG_WARN_NON_LITERAL_NULL_CONVERSION = YES;
				CLANG_WARN_OBJC_IMPLICIT_RETAIN_SELF = YES;
				CLANG_WARN_OBJC_LITERAL_CONVERSION = YES;
				CLANG_WARN_OBJC_ROOT_CLASS = YES_ERROR;
				CLANG_WARN_RANGE_LOOP_ANALYSIS = YES;
				CLANG_WARN_STRICT_PROTOTYPES = YES;
				CLANG_WARN_SUSPICIOUS_MOVE = YES;
				CLANG_WARN_UNGUARDED_AVAILABILITY = YES_AGGRESSIVE;
				CLANG_WARN_UNREACHABLE_CODE = YES;
				CLANG_WARN__DUPLICATE_METHOD_MATCH = YES;
				CODE_SIGN_IDENTITY = "iPhone Developer";
				COPY_PHASE_STRIP = NO;
				DEBUG_INFORMATION_FORMAT = "dwarf-with-dsym";
				ENABLE_NS_ASSERTIONS = NO;
				ENABLE_STRICT_OBJC_MSGSEND = YES;
				GCC_C_LANGUAGE_STANDARD = gnu11;
				GCC_NO_COMMON_BLOCKS = YES;
				GCC_WARN_64_TO_32_BIT_CONVERSION = YES;
				GCC_WARN_ABOUT_RETURN_TYPE = YES_ERROR;
				GCC_WARN_UNDECLARED_SELECTOR = YES;
				GCC_WARN_UNINITIALIZED_AUTOS = YES_AGGRESSIVE;
				GCC_WARN_UNUSED_FUNCTION = YES;
				GCC_WARN_UNUSED_VARIABLE = YES;
				IPHONEOS_DEPLOYMENT_TARGET = 11.4;
				MTL_ENABLE_DEBUG_INFO = NO;
				SDKROOT = iphoneos;
				SWIFT_COMPILATION_MODE = wholemodule;
				SWIFT_OPTIMIZATION_LEVEL = "-O";
				VALIDATE_PRODUCT = YES;
			};
			name = Release;
		};
		422C477721426C4800FCFA39 /* Debug */ = {
			isa = XCBuildConfiguration;
			baseConfigurationReference = A9CA423601356ED53AE20D87 /* Pods-TechReviewCoreData.debug.xcconfig */;
			buildSettings = {
				ASSETCATALOG_COMPILER_APPICON_NAME = AppIcon;
				CODE_SIGN_STYLE = Automatic;
				DEVELOPMENT_TEAM = PWUBJF64PG;
				INFOPLIST_FILE = TechReviewCoreData/Info.plist;
				IPHONEOS_DEPLOYMENT_TARGET = 10.2;
				LD_RUNPATH_SEARCH_PATHS = (
					"$(inherited)",
					"@executable_path/Frameworks",
				);
				PRODUCT_BUNDLE_IDENTIFIER = jhunter.TechReviewCoreData;
				PRODUCT_NAME = "$(TARGET_NAME)";
				SWIFT_VERSION = 4.0;
				TARGETED_DEVICE_FAMILY = "1,2";
			};
			name = Debug;
		};
		422C477821426C4800FCFA39 /* Release */ = {
			isa = XCBuildConfiguration;
			baseConfigurationReference = F0CE0FC838098CD938CBEB42 /* Pods-TechReviewCoreData.release.xcconfig */;
			buildSettings = {
				ASSETCATALOG_COMPILER_APPICON_NAME = AppIcon;
				CODE_SIGN_STYLE = Automatic;
				DEVELOPMENT_TEAM = PWUBJF64PG;
				INFOPLIST_FILE = TechReviewCoreData/Info.plist;
				IPHONEOS_DEPLOYMENT_TARGET = 10.2;
				LD_RUNPATH_SEARCH_PATHS = (
					"$(inherited)",
					"@executable_path/Frameworks",
				);
				PRODUCT_BUNDLE_IDENTIFIER = jhunter.TechReviewCoreData;
				PRODUCT_NAME = "$(TARGET_NAME)";
				SWIFT_VERSION = 4.0;
				TARGETED_DEVICE_FAMILY = "1,2";
			};
			name = Release;
		};
/* End XCBuildConfiguration section */

/* Begin XCConfigurationList section */
		422C475C21426C4700FCFA39 /* Build configuration list for PBXProject "TechReviewCoreData" */ = {
			isa = XCConfigurationList;
			buildConfigurations = (
				422C477421426C4800FCFA39 /* Debug */,
				422C477521426C4800FCFA39 /* Release */,
			);
			defaultConfigurationIsVisible = 0;
			defaultConfigurationName = Release;
		};
		422C477621426C4800FCFA39 /* Build configuration list for PBXNativeTarget "TechReviewCoreData" */ = {
			isa = XCConfigurationList;
			buildConfigurations = (
				422C477721426C4800FCFA39 /* Debug */,
				422C477821426C4800FCFA39 /* Release */,
			);
			defaultConfigurationIsVisible = 0;
			defaultConfigurationName = Release;
		};
/* End XCConfigurationList section */

/* Begin XCVersionGroup section */
		422C476B21426C4700FCFA39 /* TechReviewCoreData.xcdatamodeld */ = {
			isa = XCVersionGroup;
			children = (
				422C476C21426C4700FCFA39 /* TechReviewCoreData.xcdatamodel */,
			);
			currentVersion = 422C476C21426C4700FCFA39 /* TechReviewCoreData.xcdatamodel */;
			path = TechReviewCoreData.xcdatamodeld;
			sourceTree = "<group>";
			versionGroupType = wrapper.xcdatamodel;
		};
		422C477B21426F2D00FCFA39 /* TechReviewCoreData.xcdatamodeld */ = {
			isa = XCVersionGroup;
			children = (
				422C477C21426F2D00FCFA39 /* TechReviewCoreData.xcdatamodel */,
			);
			currentVersion = 422C477C21426F2D00FCFA39 /* TechReviewCoreData.xcdatamodel */;
			path = TechReviewCoreData.xcdatamodeld;
			sourceTree = "<group>";
			versionGroupType = wrapper.xcdatamodel;
		};
/* End XCVersionGroup section */
	};
	rootObject = 422C475921426C4700FCFA39 /* Project object */;
}
